
Microsoft Visual Studio Solution File, Format Version 12.00
# Visual Studio 15
VisualStudioVersion = 15.0.28307.1022
MinimumVisualStudioVersion = 10.0.40219.1
Project("{FAE04EC0-301F-11D3-BF4B-00C04F79EFBC}") = "DrinkAssessment", "DrinkAssessment\DrinkAssessment.csproj", "{29B93057-8C1A-497A-99D2-8A585B31A767}"
EndProject
Global
	GlobalSection(SolutionConfigurationPlatforms) = preSolution
		Debug|Any CPU = Debug|Any CPU
		Release|Any CPU = Release|Any CPU
	EndGlobalSection
	GlobalSection(ProjectConfigurationPlatforms) = postSolution
		{29B93057-8C1A-497A-99D2-8A585B31A767}.Debug|Any CPU.ActiveCfg = Debug|Any CPU
		{29B93057-8C1A-497A-99D2-8A585B31A767}.Debug|Any CPU.Build.0 = Debug|Any CPU
		{29B93057-8C1A-497A-99D2-8A585B31A767}.Release|Any CPU.ActiveCfg = Release|Any CPU
		{29B93057-8C1A-497A-99D2-8A585B31A767}.Release|Any CPU.Build.0 = Release|Any CPU
	EndGlobalSection
	GlobalSection(SolutionProperties) = preSolution
		HideSolutionNode = FALSE
	EndGlobalSection
	GlobalSection(ExtensibilityGlobals) = postSolution
		SolutionGuid = {331879F2-BE77-46D7-9C63-B6A2DA2171E1}
	EndGlobalSection
EndGlobal
